
Microsoft Visual Studio Solution File, Format Version 12.00
# Visual Studio Version 17
VisualStudioVersion = 17.11.35327.3
MinimumVisualStudioVersion = 10.0.40219.1
Project("{FAE04EC0-301F-11D3-BF4B-00C04F79EFBC}") = "Somesan_Vasile_Alin_Lab2", "Somesan_Vasile_Alin_Lab2.csproj", "{EE4EA517-2216-44BB-BE64-B569F89A66FA}"
EndProject
Global
	GlobalSection(SolutionConfigurationPlatforms) = preSolution
		Debug|Any CPU = Debug|Any CPU
		Release|Any CPU = Release|Any CPU
	EndGlobalSection
	GlobalSection(ProjectConfigurationPlatforms) = postSolution
		{EE4EA517-2216-44BB-BE64-B569F89A66FA}.Debug|Any CPU.ActiveCfg = Debug|Any CPU
		{EE4EA517-2216-44BB-BE64-B569F89A66FA}.Debug|Any CPU.Build.0 = Debug|Any CPU
		{EE4EA517-2216-44BB-BE64-B569F89A66FA}.Release|Any CPU.ActiveCfg = Release|Any CPU
		{EE4EA517-2216-44BB-BE64-B569F89A66FA}.Release|Any CPU.Build.0 = Release|Any CPU
	EndGlobalSection
	GlobalSection(SolutionProperties) = preSolution
		HideSolutionNode = FALSE
	EndGlobalSection
	GlobalSection(ExtensibilityGlobals) = postSolution
		SolutionGuid = {1A769C82-9D34-437A-B185-7544DB576C45}
	EndGlobalSection
EndGlobal
